
Microsoft Visual Studio Solution File, Format Version 12.00
# Visual Studio Version 17
VisualStudioVersion = 17.14.36623.8 d17.14
MinimumVisualStudioVersion = 10.0.40219.1
Project("{FAE04EC0-301F-11D3-BF4B-00C04F79EFBC}") = "trace", "trace.csproj", "{DCFD4599-4044-4EBF-873D-CB1131A2A4A6}"
EndProject
Global
	GlobalSection(SolutionConfigurationPlatforms) = preSolution
		Debug|Any CPU = Debug|Any CPU
		Release|Any CPU = Release|Any CPU
	EndGlobalSection
	GlobalSection(ProjectConfigurationPlatforms) = postSolution
		{DCFD4599-4044-4EBF-873D-CB1131A2A4A6}.Debug|Any CPU.ActiveCfg = Debug|Any CPU
		{DCFD4599-4044-4EBF-873D-CB1131A2A4A6}.Debug|Any CPU.Build.0 = Debug|Any CPU
		{DCFD4599-4044-4EBF-873D-CB1131A2A4A6}.Release|Any CPU.ActiveCfg = Release|Any CPU
		{DCFD4599-4044-4EBF-873D-CB1131A2A4A6}.Release|Any CPU.Build.0 = Release|Any CPU
	EndGlobalSection
	GlobalSection(SolutionProperties) = preSolution
		HideSolutionNode = FALSE
	EndGlobalSection
	GlobalSection(ExtensibilityGlobals) = postSolution
		SolutionGuid = {81470E21-C5BE-4C7C-876D-7C80B246F8E9}
	EndGlobalSection
EndGlobal
